
Microsoft Visual Studio Solution File, Format Version 12.00
# Visual Studio 15
VisualStudioVersion = 15.0.27130.2010
MinimumVisualStudioVersion = 10.0.40219.1
Project("{FAE04EC0-301F-11D3-BF4B-00C04F79EFBC}") = "PadraoProjetoTest", "UnitTestProject1\PadraoProjetoTest.csproj", "{22ED691C-C71B-407A-A434-2B140B4EA6D0}"
EndProject
Global
	GlobalSection(SolutionConfigurationPlatforms) = preSolution
		Debug|Any CPU = Debug|Any CPU
		Release|Any CPU = Release|Any CPU
	EndGlobalSection
	GlobalSection(ProjectConfigurationPlatforms) = postSolution
		{22ED691C-C71B-407A-A434-2B140B4EA6D0}.Debug|Any CPU.ActiveCfg = Debug|Any CPU
		{22ED691C-C71B-407A-A434-2B140B4EA6D0}.Debug|Any CPU.Build.0 = Debug|Any CPU
		{22ED691C-C71B-407A-A434-2B140B4EA6D0}.Release|Any CPU.ActiveCfg = Release|Any CPU
		{22ED691C-C71B-407A-A434-2B140B4EA6D0}.Release|Any CPU.Build.0 = Release|Any CPU
	EndGlobalSection
	GlobalSection(SolutionProperties) = preSolution
		HideSolutionNode = FALSE
	EndGlobalSection
	GlobalSection(ExtensibilityGlobals) = postSolution
		SolutionGuid = {DBC7A763-E77E-43E2-AFCA-0B65E7862AA6}
	EndGlobalSection
EndGlobal
